
Microsoft Visual Studio Solution File, Format Version 12.00
# Visual Studio 2012
Project("{FAE04EC0-301F-11D3-BF4B-00C04F79EFBC}") = "Nhân 2 số", "Nhân 2 số\Nhân 2 số.csproj", "{C108DD62-04DA-420B-A706-829D17DC528B}"
EndProject
Global
	GlobalSection(SolutionConfigurationPlatforms) = preSolution
		Debug|Any CPU = Debug|Any CPU
		Release|Any CPU = Release|Any CPU
	EndGlobalSection
	GlobalSection(ProjectConfigurationPlatforms) = postSolution
		{C108DD62-04DA-420B-A706-829D17DC528B}.Debug|Any CPU.ActiveCfg = Debug|Any CPU
		{C108DD62-04DA-420B-A706-829D17DC528B}.Debug|Any CPU.Build.0 = Debug|Any CPU
		{C108DD62-04DA-420B-A706-829D17DC528B}.Release|Any CPU.ActiveCfg = Release|Any CPU
		{C108DD62-04DA-420B-A706-829D17DC528B}.Release|Any CPU.Build.0 = Release|Any CPU
	EndGlobalSection
	GlobalSection(SolutionProperties) = preSolution
		HideSolutionNode = FALSE
	EndGlobalSection
EndGlobal
